// !$*UTF8*$!
{
	archiveVersion = 1;
	classes = {
	};
	objectVersion = 55;
	objects = {

/* Begin PBXBuildFile section */
		853BBD6A28B1926C004A82CD /* AppDelegate.swift in Sources */ = {isa = PBXBuildFile; fileRef = 853BBD6928B1926C004A82CD /* AppDelegate.swift */; };
		853BBD6E28B1926C004A82CD /* ViewController.swift in Sources */ = {isa = PBXBuildFile; fileRef = 853BBD6D28B1926C004A82CD /* ViewController.swift */; };
		853BBD7328B1926C004A82CD /* Assets.xcassets in Resources */ = {isa = PBXBuildFile; fileRef = 853BBD7228B1926C004A82CD /* Assets.xcassets */; };
		853BBD7628B1926C004A82CD /* LaunchScreen.storyboard in Resources */ = {isa = PBXBuildFile; fileRef = 853BBD7428B1926C004A82CD /* LaunchScreen.storyboard */; };
		8593D2D928B2AA3700F3DA4F /* ChatViewController.swift in Sources */ = {isa = PBXBuildFile; fileRef = 8593D2D828B2AA3700F3DA4F /* ChatViewController.swift */; };
		BE13579EEB9B7F796D7E38E7 /* Pods_Day_07.framework in Frameworks */ = {isa = PBXBuildFile; fileRef = B8E3D253B3897BA521CACA56 /* Pods_Day_07.framework */; };
/* End PBXBuildFile section */

/* Begin PBXFileReference section */
		014E1EA51B3A604C764048AF /* Pods-Day-07.debug.xcconfig */ = {isa = PBXFileReference; includeInIndex = 1; lastKnownFileType = text.xcconfig; name = "Pods-Day-07.debug.xcconfig"; path = "Target Support Files/Pods-Day-07/Pods-Day-07.debug.xcconfig"; sourceTree = "<group>"; };
		853BBD6628B1926C004A82CD /* Day-07.app */ = {isa = PBXFileReference; explicitFileType = wrapper.application; includeInIndex = 0; path = "Day-07.app"; sourceTree = BUILT_PRODUCTS_DIR; };
		853BBD6928B1926C004A82CD /* AppDelegate.swift */ = {isa = PBXFileReference; lastKnownFileType = sourcecode.swift; path = AppDelegate.swift; sourceTree = "<group>"; };
		853BBD6D28B1926C004A82CD /* ViewController.swift */ = {isa = PBXFileReference; lastKnownFileType = sourcecode.swift; path = ViewController.swift; sourceTree = "<group>"; };
		853BBD7228B1926C004A82CD /* Assets.xcassets */ = {isa = PBXFileReference; lastKnownFileType = folder.assetcatalog; path = Assets.xcassets; sourceTree = "<group>"; };
		853BBD7528B1926C004A82CD /* Base */ = {isa = PBXFileReference; lastKnownFileType = file.storyboard; name = Base; path = Base.lproj/LaunchScreen.storyboard; sourceTree = "<group>"; };
		853BBD7728B1926C004A82CD /* Info.plist */ = {isa = PBXFileReference; lastKnownFileType = text.plist.xml; path = Info.plist; sourceTree = "<group>"; };
		8593D2D828B2AA3700F3DA4F /* ChatViewController.swift */ = {isa = PBXFileReference; lastKnownFileType = sourcecode.swift; path = ChatViewController.swift; sourceTree = "<group>"; };
		A8714C9858DDE2F6BA9BEED4 /* Pods-Day-07.release.xcconfig */ = {isa = PBXFileReference; includeInIndex = 1; lastKnownFileType = text.xcconfig; name = "Pods-Day-07.release.xcconfig"; path = "Target Support Files/Pods-Day-07/Pods-Day-07.release.xcconfig"; sourceTree = "<group>"; };
		B8E3D253B3897BA521CACA56 /* Pods_Day_07.framework */ = {isa = PBXFileReference; explicitFileType = wrapper.framework; includeInIndex = 0; path = Pods_Day_07.framework; sourceTree = BUILT_PRODUCTS_DIR; };
/* End PBXFileReference section */

/* Begin PBXFrameworksBuildPhase section */
		853BBD6328B1926C004A82CD /* Frameworks */ = {
			isa = PBXFrameworksBuildPhase;
			buildActionMask = 2147483647;
			files = (
				BE13579EEB9B7F796D7E38E7 /* Pods_Day_07.framework in Frameworks */,
			);
			runOnlyForDeploymentPostprocessing = 0;
		};
/* End PBXFrameworksBuildPhase section */

/* Begin PBXGroup section */
		127B3D8338207CE8903E7295 /* Pods */ = {
			isa = PBXGroup;
			children = (
				014E1EA51B3A604C764048AF /* Pods-Day-07.debug.xcconfig */,
				A8714C9858DDE2F6BA9BEED4 /* Pods-Day-07.release.xcconfig */,
			);
			path = Pods;
			sourceTree = "<group>";
		};
		853BBD5D28B1926C004A82CD = {
			isa = PBXGroup;
			children = (
				853BBD6828B1926C004A82CD /* Day-07 */,
				853BBD6728B1926C004A82CD /* Products */,
				127B3D8338207CE8903E7295 /* Pods */,
				E48DB4325C12505787193011 /* Frameworks */,
			);
			sourceTree = "<group>";
		};
		853BBD6728B1926C004A82CD /* Products */ = {
			isa = PBXGroup;
			children = (
				853BBD6628B1926C004A82CD /* Day-07.app */,
			);
			name = Products;
			sourceTree = "<group>";
		};
		853BBD6828B1926C004A82CD /* Day-07 */ = {
			isa = PBXGroup;
			children = (
				853BBD6928B1926C004A82CD /* AppDelegate.swift */,
				853BBD6D28B1926C004A82CD /* ViewController.swift */,
				8593D2D828B2AA3700F3DA4F /* ChatViewController.swift */,
				853BBD7228B1926C004A82CD /* Assets.xcassets */,
				853BBD7428B1926C004A82CD /* LaunchScreen.storyboard */,
				853BBD7728B1926C004A82CD /* Info.plist */,
			);
			path = "Day-07";
			sourceTree = "<group>";
		};
		E48DB4325C12505787193011 /* Frameworks */ = {
			isa = PBXGroup;
			children = (
				B8E3D253B3897BA521CACA56 /* Pods_Day_07.framework */,
			);
			name = Frameworks;
			sourceTree = "<group>";
		};
/* End PBXGroup section */

/* Begin PBXNativeTarget section */
		853BBD6528B1926C004A82CD /* Day-07 */ = {
			isa = PBXNativeTarget;
			buildConfigurationList = 853BBD7A28B1926C004A82CD /* Build configuration list for PBXNativeTarget "Day-07" */;
			buildPhases = (
				BF7CA7661D9FFB55DC329273 /* [CP] Check Pods Manifest.lock */,
				853BBD6228B1926C004A82CD /* Sources */,
				853BBD6328B1926C004A82CD /* Frameworks */,
				853BBD6428B1926C004A82CD /* Resources */,
				8F34C678B5D43ACCE0BBAEE9 /* [CP] Embed Pods Frameworks */,
			);
			buildRules = (
			);
			dependencies = (
			);
			name = "Day-07";
			productName = "Day-07";
			productReference = 853BBD6628B1926C004A82CD /* Day-07.app */;
			productType = "com.apple.product-type.application";
		};
/* End PBXNativeTarget section */

/* Begin PBXProject section */
		853BBD5E28B1926C004A82CD /* Project object */ = {
			isa = PBXProject;
			attributes = {
				BuildIndependentTargetsInParallel = 1;
				LastSwiftUpdateCheck = 1330;
				LastUpgradeCheck = 1330;
				TargetAttributes = {
					853BBD6528B1926C004A82CD = {
						CreatedOnToolsVersion = 13.3;
					};
				};
			};
			buildConfigurationList = 853BBD6128B1926C004A82CD /* Build configuration list for PBXProject "Day-07" */;
			compatibilityVersion = "Xcode 13.0";
			developmentRegion = en;
			hasScannedForEncodings = 0;
			knownRegions = (
				en,
				Base,
			);
			mainGroup = 853BBD5D28B1926C004A82CD;
			productRefGroup = 853BBD6728B1926C004A82CD /* Products */;
			projectDirPath = "";
			projectRoot = "";
			targets = (
				853BBD6528B1926C004A82CD /* Day-07 */,
			);
		};
/* End PBXProject section */

/* Begin PBXResourcesBuildPhase section */
		853BBD6428B1926C004A82CD /* Resources */ = {
			isa = PBXResourcesBuildPhase;
			buildActionMask = 2147483647;
			files = (
				853BBD7628B1926C004A82CD /* LaunchScreen.storyboard in Resources */,
				853BBD7328B1926C004A82CD /* Assets.xcassets in Resources */,
			);
			runOnlyForDeploymentPostprocessing = 0;
		};
/* End PBXResourcesBuildPhase section */

/* Begin PBXShellScriptBuildPhase section */
		8F34C678B5D43ACCE0BBAEE9 /* [CP] Embed Pods Frameworks */ = {
			isa = PBXShellScriptBuildPhase;
			buildActionMask = 2147483647;
			files = (
			);
			inputFileListPaths = (
				"${PODS_ROOT}/Target Support Files/Pods-Day-07/Pods-Day-07-frameworks-${CONFIGURATION}-input-files.xcfilelist",
			);
			name = "[CP] Embed Pods Frameworks";
			outputFileListPaths = (
				"${PODS_ROOT}/Target Support Files/Pods-Day-07/Pods-Day-07-frameworks-${CONFIGURATION}-output-files.xcfilelist",
			);
			runOnlyForDeploymentPostprocessing = 0;
			shellPath = /bin/sh;
			shellScript = "\"${PODS_ROOT}/Target Support Files/Pods-Day-07/Pods-Day-07-frameworks.sh\"\n";
			showEnvVarsInLog = 0;
		};
		BF7CA7661D9FFB55DC329273 /* [CP] Check Pods Manifest.lock */ = {
			isa = PBXShellScriptBuildPhase;
			buildActionMask = 2147483647;
			files = (
			);
			inputFileListPaths = (
			);
			inputPaths = (
				"${PODS_PODFILE_DIR_PATH}/Podfile.lock",
				"${PODS_ROOT}/Manifest.lock",
			);
			name = "[CP] Check Pods Manifest.lock";
			outputFileListPaths = (
			);
			outputPaths = (
				"$(DERIVED_FILE_DIR)/Pods-Day-07-checkManifestLockResult.txt",
			);
			runOnlyForDeploymentPostprocessing = 0;
			shellPath = /bin/sh;
			shellScript = "diff \"${PODS_PODFILE_DIR_PATH}/Podfile.lock\" \"${PODS_ROOT}/Manifest.lock\" > /dev/null\nif [ $? != 0 ] ; then\n    # print error to STDERR\n    echo \"error: The sandbox is not in sync with the Podfile.lock. Run 'pod install' or update your CocoaPods installation.\" >&2\n    exit 1\nfi\n# This output is used by Xcode 'outputs' to avoid re-running this script phase.\necho \"SUCCESS\" > \"${SCRIPT_OUTPUT_FILE_0}\"\n";
			showEnvVarsInLog = 0;
		};
/* End PBXShellScriptBuildPhase section */

/* Begin PBXSourcesBuildPhase section */
		853BBD6228B1926C004A82CD /* Sources */ = {
			isa = PBXSourcesBuildPhase;
			buildActionMask = 2147483647;
			files = (
				853BBD6E28B1926C004A82CD /* ViewController.swift in Sources */,
				853BBD6A28B1926C004A82CD /* AppDelegate.swift in Sources */,
				8593D2D928B2AA3700F3DA4F /* ChatViewController.swift in Sources */,
			);
			runOnlyForDeploymentPostprocessing = 0;
		};
/* End PBXSourcesBuildPhase section */

/* Begin PBXVariantGroup section */
		853BBD7428B1926C004A82CD /* LaunchScreen.storyboard */ = {
			isa = PBXVariantGroup;
			children = (
				853BBD7528B1926C004A82CD /* Base */,
			);
			name = LaunchScreen.storyboard;
			sourceTree = "<group>";
		};
/* End PBXVariantGroup section */

/* Begin XCBuildConfiguration section */
		853BBD7828B1926C004A82CD /* Debug */ = {
			isa = XCBuildConfiguration;
			buildSettings = {
				ALWAYS_SEARCH_USER_PATHS = NO;
				CLANG_ANALYZER_NONNULL = YES;
				CLANG_ANALYZER_NUMBER_OBJECT_CONVERSION = YES_AGGRESSIVE;
				CLANG_CXX_LANGUAGE_STANDARD = "gnu++17";
				CLANG_ENABLE_MODULES = YES;
				CLANG_ENABLE_OBJC_ARC = YES;
				CLANG_ENABLE_OBJC_WEAK = YES;
				CLANG_WARN_BLOCK_CAPTURE_AUTORELEASING = YES;
				CLANG_WARN_BOOL_CONVERSION = YES;
				CLANG_WARN_COMMA = YES;
				CLANG_WARN_CONSTANT_CONVERSION = YES;
				CLANG_WARN_DEPRECATED_OBJC_IMPLEMENTATIONS = YES;
				CLANG_WARN_DIRECT_OBJC_ISA_USAGE = YES_ERROR;
				CLANG_WARN_DOCUMENTATION_COMMENTS = YES;
				CLANG_WARN_EMPTY_BODY = YES;
				CLANG_WARN_ENUM_CONVERSION = YES;
				CLANG_WARN_INFINITE_RECURSION = YES;
				CLANG_WARN_INT_CONVERSION = YES;
				CLANG_WARN_NON_LITERAL_NULL_CONVERSION = YES;
				CLANG_WARN_OBJC_IMPLICIT_RETAIN_SELF = YES;
				CLANG_WARN_OBJC_LITERAL_CONVERSION = YES;
				CLANG_WARN_OBJC_ROOT_CLASS = YES_ERROR;
				CLANG_WARN_QUOTED_INCLUDE_IN_FRAMEWORK_HEADER = YES;
				CLANG_WARN_RANGE_LOOP_ANALYSIS = YES;
				CLANG_WARN_STRICT_PROTOTYPES = YES;
				CLANG_WARN_SUSPICIOUS_MOVE = YES;
				CLANG_WARN_UNGUARDED_AVAILABILITY = YES_AGGRESSIVE;
				CLANG_WARN_UNREACHABLE_CODE = YES;
				CLANG_WARN__DUPLICATE_METHOD_MATCH = YES;
				COPY_PHASE_STRIP = NO;
				DEBUG_INFORMATION_FORMAT = dwarf;
				ENABLE_STRICT_OBJC_MSGSEND = YES;
				ENABLE_TESTABILITY = YES;
				GCC_C_LANGUAGE_STANDARD = gnu11;
				GCC_DYNAMIC_NO_PIC = NO;
				GCC_NO_COMMON_BLOCKS = YES;
				GCC_OPTIMIZATION_LEVEL = 0;
				GCC_PREPROCESSOR_DEFINITIONS = (
					"DEBUG=1",
					"$(inherited)",
				);
				GCC_WARN_64_TO_32_BIT_CONVERSION = YES;
				GCC_WARN_ABOUT_RETURN_TYPE = YES_ERROR;
				GCC_WARN_UNDECLARED_SELECTOR = YES;
				GCC_WARN_UNINITIALIZED_AUTOS = YES_AGGRESSIVE;
				GCC_WARN_UNUSED_FUNCTION = YES;
				GCC_WARN_UNUSED_VARIABLE = YES;
				IPHONEOS_DEPLOYMENT_TARGET = 15.4;
				MTL_ENABLE_DEBUG_INFO = INCLUDE_SOURCE;
				MTL_FAST_MATH = YES;
				ONLY_ACTIVE_ARCH = YES;
				SDKROOT = iphoneos;
				SWIFT_ACTIVE_COMPILATION_CONDITIONS = DEBUG;
				SWIFT_OPTIMIZATION_LEVEL = "-Onone";
			};
			name = Debug;
		};
		853BBD7928B1926C004A82CD /* Release */ = {
			isa = XCBuildConfiguration;
			buildSettings = {
				ALWAYS_SEARCH_USER_PATHS = NO;
				CLANG_ANALYZER_NONNULL = YES;
				CLANG_ANALYZER_NUMBER_OBJECT_CONVERSION = YES_AGGRESSIVE;
				CLANG_CXX_LANGUAGE_STANDARD = "gnu++17";
				CLANG_ENABLE_MODULES = YES;
				CLANG_ENABLE_OBJC_ARC = YES;
				CLANG_ENABLE_OBJC_WEAK = YES;
				CLANG_WARN_BLOCK_CAPTURE_AUTORELEASING = YES;
				CLANG_WARN_BOOL_CONVERSION = YES;
				CLANG_WARN_COMMA = YES;
				CLANG_WARN_CONSTANT_CONVERSION = YES;
				CLANG_WARN_DEPRECATED_OBJC_IMPLEMENTATIONS = YES;
				CLANG_WARN_DIRECT_OBJC_ISA_USAGE = YES_ERROR;
				CLANG_WARN_DOCUMENTATION_COMMENTS = YES;
				CLANG_WARN_EMPTY_BODY = YES;
				CLANG_WARN_ENUM_CONVERSION = YES;
				CLANG_WARN_INFINITE_RECURSION = YES;
				CLANG_WARN_INT_CONVERSION = YES;
				CLANG_WARN_NON_LITERAL_NULL_CONVERSION = YES;
				CLANG_WARN_OBJC_IMPLICIT_RETAIN_SELF = YES;
				CLANG_WARN_OBJC_LITERAL_CONVERSION = YES;
				CLANG_WARN_OBJC_ROOT_CLASS = YES_ERROR;
				CLANG_WARN_QUOTED_INCLUDE_IN_FRAMEWORK_HEADER = YES;
				CLANG_WARN_RANGE_LOOP_ANALYSIS = YES;
				CLANG_WARN_STRICT_PROTOTYPES = YES;
				CLANG_WARN_SUSPICIOUS_MOVE = YES;
				CLANG_WARN_UNGUARDED_AVAILABILITY = YES_AGGRESSIVE;
				CLANG_WARN_UNREACHABLE_CODE = YES;
				CLANG_WARN__DUPLICATE_METHOD_MATCH = YES;
				COPY_PHASE_STRIP = NO;
				DEBUG_INFORMATION_FORMAT = "dwarf-with-dsym";
				ENABLE_NS_ASSERTIONS = NO;
				ENABLE_STRICT_OBJC_MSGSEND = YES;
				GCC_C_LANGUAGE_STANDARD = gnu11;
				GCC_NO_COMMON_BLOCKS = YES;
				GCC_WARN_64_TO_32_BIT_CONVERSION = YES;
				GCC_WARN_ABOUT_RETURN_TYPE = YES_ERROR;
				GCC_WARN_UNDECLARED_SELECTOR = YES;
				GCC_WARN_UNINITIALIZED_AUTOS = YES_AGGRESSIVE;
				GCC_WARN_UNUSED_FUNCTION = YES;
				GCC_WARN_UNUSED_VARIABLE = YES;
				IPHONEOS_DEPLOYMENT_TARGET = 15.4;
				MTL_ENABLE_DEBUG_INFO = NO;
				MTL_FAST_MATH = YES;
				SDKROOT = iphoneos;
				SWIFT_COMPILATION_MODE = wholemodule;
				SWIFT_OPTIMIZATION_LEVEL = "-O";
				VALIDATE_PRODUCT = YES;
			};
			name = Release;
		};
		853BBD7B28B1926C004A82CD /* Debug */ = {
			isa = XCBuildConfiguration;
			baseConfigurationReference = 014E1EA51B3A604C764048AF /* Pods-Day-07.debug.xcconfig */;
			buildSettings = {
				ASSETCATALOG_COMPILER_APPICON_NAME = AppIcon;
				ASSETCATALOG_COMPILER_GLOBAL_ACCENT_COLOR_NAME = AccentColor;
				CODE_SIGN_STYLE = Automatic;
				CURRENT_PROJECT_VERSION = 1;
				DEVELOPMENT_TEAM = RQDWVF4978;
				GENERATE_INFOPLIST_FILE = YES;
				INFOPLIST_FILE = "Day-07/Info.plist";
				INFOPLIST_KEY_UIApplicationSupportsIndirectInputEvents = YES;
				INFOPLIST_KEY_UILaunchStoryboardName = LaunchScreen;
				INFOPLIST_KEY_UISupportedInterfaceOrientations_iPad = "UIInterfaceOrientationPortrait UIInterfaceOrientationPortraitUpsideDown UIInterfaceOrientationLandscapeLeft UIInterfaceOrientationLandscapeRight";
				INFOPLIST_KEY_UISupportedInterfaceOrientations_iPhone = "UIInterfaceOrientationPortrait UIInterfaceOrientationLandscapeLeft UIInterfaceOrientationLandscapeRight";
				LD_RUNPATH_SEARCH_PATHS = (
					"$(inherited)",
					"@executable_path/Frameworks",
				);
				MARKETING_VERSION = 1.0;
				PRODUCT_BUNDLE_IDENTIFIER = "ccamie.Day-07";
				PRODUCT_NAME = "$(TARGET_NAME)";
				SWIFT_EMIT_LOC_STRINGS = YES;
				SWIFT_VERSION = 5.0;
				TARGETED_DEVICE_FAMILY = "1,2";
			};
			name = Debug;
		};
		853BBD7C28B1926C004A82CD /* Release */ = {
			isa = XCBuildConfiguration;
			baseConfigurationReference = A8714C9858DDE2F6BA9BEED4 /* Pods-Day-07.release.xcconfig */;
			buildSettings = {
				ASSETCATALOG_COMPILER_APPICON_NAME = AppIcon;
				ASSETCATALOG_COMPILER_GLOBAL_ACCENT_COLOR_NAME = AccentColor;
				CODE_SIGN_STYLE = Automatic;
				CURRENT_PROJECT_VERSION = 1;
				DEVELOPMENT_TEAM = RQDWVF4978;
				GENERATE_INFOPLIST_FILE = YES;
				INFOPLIST_FILE = "Day-07/Info.plist";
				INFOPLIST_KEY_UIApplicationSupportsIndirectInputEvents = YES;
				INFOPLIST_KEY_UILaunchStoryboardName = LaunchScreen;
				INFOPLIST_KEY_UISupportedInterfaceOrientations_iPad = "UIInterfaceOrientationPortrait UIInterfaceOrientationPortraitUpsideDown UIInterfaceOrientationLandscapeLeft UIInterfaceOrientationLandscapeRight";
				INFOPLIST_KEY_UISupportedInterfaceOrientations_iPhone = "UIInterfaceOrientationPortrait UIInterfaceOrientationLandscapeLeft UIInterfaceOrientationLandscapeRight";
				LD_RUNPATH_SEARCH_PATHS = (
					"$(inherited)",
					"@executable_path/Frameworks",
				);
				MARKETING_VERSION = 1.0;
				PRODUCT_BUNDLE_IDENTIFIER = "ccamie.Day-07";
				PRODUCT_NAME = "$(TARGET_NAME)";
				SWIFT_EMIT_LOC_STRINGS = YES;
				SWIFT_VERSION = 5.0;
				TARGETED_DEVICE_FAMILY = "1,2";
			};
			name = Release;
		};
/* End XCBuildConfiguration section */

/* Begin XCConfigurationList section */
		853BBD6128B1926C004A82CD /* Build configuration list for PBXProject "Day-07" */ = {
			isa = XCConfigurationList;
			buildConfigurations = (
				853BBD7828B1926C004A82CD /* Debug */,
				853BBD7928B1926C004A82CD /* Release */,
			);
			defaultConfigurationIsVisible = 0;
			defaultConfigurationName = Release;
		};
		853BBD7A28B1926C004A82CD /* Build configuration list for PBXNativeTarget "Day-07" */ = {
			isa = XCConfigurationList;
			buildConfigurations = (
				853BBD7B28B1926C004A82CD /* Debug */,
				853BBD7C28B1926C004A82CD /* Release */,
			);
			defaultConfigurationIsVisible = 0;
			defaultConfigurationName = Release;
		};
/* End XCConfigurationList section */
	};
	rootObject = 853BBD5E28B1926C004A82CD /* Project object */;
}
